// !$*UTF8*$!
{
	archiveVersion = 1;
	classes = {
	};
	objectVersion = 46;
	objects = {

/* Begin PBXBuildFile section */
		55FFAD7A5136921BB8583361 /* Pods_AlamofireDemo.framework in Frameworks */ = {isa = PBXBuildFile; fileRef = D6556BEB7629235B719FA15F /* Pods_AlamofireDemo.framework */; };
		AA7B713C1F32308D005B5B0B /* AppDelegate.swift in Sources */ = {isa = PBXBuildFile; fileRef = AA7B713B1F32308D005B5B0B /* AppDelegate.swift */; };
		AA7B713E1F32308D005B5B0B /* TableViewController.swift in Sources */ = {isa = PBXBuildFile; fileRef = AA7B713D1F32308D005B5B0B /* TableViewController.swift */; };
		AA7B71411F32308D005B5B0B /* Main.storyboard in Resources */ = {isa = PBXBuildFile; fileRef = AA7B713F1F32308D005B5B0B /* Main.storyboard */; };
		AA7B71431F32308D005B5B0B /* Assets.xcassets in Resources */ = {isa = PBXBuildFile; fileRef = AA7B71421F32308D005B5B0B /* Assets.xcassets */; };
		AA7B71461F32308D005B5B0B /* LaunchScreen.storyboard in Resources */ = {isa = PBXBuildFile; fileRef = AA7B71441F32308D005B5B0B /* LaunchScreen.storyboard */; };
		AA7B714E1F3231A6005B5B0B /* DataServices.swift in Sources */ = {isa = PBXBuildFile; fileRef = AA7B714D1F3231A6005B5B0B /* DataServices.swift */; };
		AA7B71501F323213005B5B0B /* ParserData.swift in Sources */ = {isa = PBXBuildFile; fileRef = AA7B714F1F323213005B5B0B /* ParserData.swift */; };
		AA7B71721F32376D005B5B0B /* DetailViewController.swift in Sources */ = {isa = PBXBuildFile; fileRef = AA7B71711F32376D005B5B0B /* DetailViewController.swift */; };
/* End PBXBuildFile section */

/* Begin PBXFileReference section */
		3B4D0A4065E65ACC1C8309DB /* Pods-AlamofireDemo.release.xcconfig */ = {isa = PBXFileReference; includeInIndex = 1; lastKnownFileType = text.xcconfig; name = "Pods-AlamofireDemo.release.xcconfig"; path = "Pods/Target Support Files/Pods-AlamofireDemo/Pods-AlamofireDemo.release.xcconfig"; sourceTree = "<group>"; };
		8375D296EF6EAE7CBF47EE68 /* Pods-AlamofireDemo.debug.xcconfig */ = {isa = PBXFileReference; includeInIndex = 1; lastKnownFileType = text.xcconfig; name = "Pods-AlamofireDemo.debug.xcconfig"; path = "Pods/Target Support Files/Pods-AlamofireDemo/Pods-AlamofireDemo.debug.xcconfig"; sourceTree = "<group>"; };
		AA7B71381F32308D005B5B0B /* AlamofireDemo.app */ = {isa = PBXFileReference; explicitFileType = wrapper.application; includeInIndex = 0; path = AlamofireDemo.app; sourceTree = BUILT_PRODUCTS_DIR; };
		AA7B713B1F32308D005B5B0B /* AppDelegate.swift */ = {isa = PBXFileReference; lastKnownFileType = sourcecode.swift; path = AppDelegate.swift; sourceTree = "<group>"; };
		AA7B713D1F32308D005B5B0B /* TableViewController.swift */ = {isa = PBXFileReference; lastKnownFileType = sourcecode.swift; path = TableViewController.swift; sourceTree = "<group>"; };
		AA7B71401F32308D005B5B0B /* Base */ = {isa = PBXFileReference; lastKnownFileType = file.storyboard; name = Base; path = Base.lproj/Main.storyboard; sourceTree = "<group>"; };
		AA7B71421F32308D005B5B0B /* Assets.xcassets */ = {isa = PBXFileReference; lastKnownFileType = folder.assetcatalog; path = Assets.xcassets; sourceTree = "<group>"; };
		AA7B71451F32308D005B5B0B /* Base */ = {isa = PBXFileReference; lastKnownFileType = file.storyboard; name = Base; path = Base.lproj/LaunchScreen.storyboard; sourceTree = "<group>"; };
		AA7B71471F32308D005B5B0B /* Info.plist */ = {isa = PBXFileReference; lastKnownFileType = text.plist.xml; path = Info.plist; sourceTree = "<group>"; };
		AA7B714D1F3231A6005B5B0B /* DataServices.swift */ = {isa = PBXFileReference; fileEncoding = 4; lastKnownFileType = sourcecode.swift; path = DataServices.swift; sourceTree = "<group>"; };
		AA7B714F1F323213005B5B0B /* ParserData.swift */ = {isa = PBXFileReference; fileEncoding = 4; lastKnownFileType = sourcecode.swift; path = ParserData.swift; sourceTree = "<group>"; };
		AA7B71711F32376D005B5B0B /* DetailViewController.swift */ = {isa = PBXFileReference; fileEncoding = 4; lastKnownFileType = sourcecode.swift; path = DetailViewController.swift; sourceTree = "<group>"; };
		D6556BEB7629235B719FA15F /* Pods_AlamofireDemo.framework */ = {isa = PBXFileReference; explicitFileType = wrapper.framework; includeInIndex = 0; path = Pods_AlamofireDemo.framework; sourceTree = BUILT_PRODUCTS_DIR; };
/* End PBXFileReference section */

/* Begin PBXFrameworksBuildPhase section */
		AA7B71351F32308D005B5B0B /* Frameworks */ = {
			isa = PBXFrameworksBuildPhase;
			buildActionMask = 2147483647;
			files = (
				55FFAD7A5136921BB8583361 /* Pods_AlamofireDemo.framework in Frameworks */,
			);
			runOnlyForDeploymentPostprocessing = 0;
		};
/* End PBXFrameworksBuildPhase section */

/* Begin PBXGroup section */
		AA7B712F1F32308D005B5B0B = {
			isa = PBXGroup;
			children = (
				AA7B713A1F32308D005B5B0B /* AlamofireDemo */,
				AA7B71391F32308D005B5B0B /* Products */,
				FEB824EE9FD6B59B638045B1 /* Pods */,
				C0F1504639C4A30FDC818C2E /* Frameworks */,
			);
			sourceTree = "<group>";
		};
		AA7B71391F32308D005B5B0B /* Products */ = {
			isa = PBXGroup;
			children = (
				AA7B71381F32308D005B5B0B /* AlamofireDemo.app */,
			);
			name = Products;
			sourceTree = "<group>";
		};
		AA7B713A1F32308D005B5B0B /* AlamofireDemo */ = {
			isa = PBXGroup;
			children = (
				AA7B713B1F32308D005B5B0B /* AppDelegate.swift */,
				AA7B713D1F32308D005B5B0B /* TableViewController.swift */,
				AA7B71711F32376D005B5B0B /* DetailViewController.swift */,
				AA7B714D1F3231A6005B5B0B /* DataServices.swift */,
				AA7B714F1F323213005B5B0B /* ParserData.swift */,
				AA7B713F1F32308D005B5B0B /* Main.storyboard */,
				AA7B71421F32308D005B5B0B /* Assets.xcassets */,
				AA7B71441F32308D005B5B0B /* LaunchScreen.storyboard */,
				AA7B71471F32308D005B5B0B /* Info.plist */,
			);
			path = AlamofireDemo;
			sourceTree = "<group>";
		};
		C0F1504639C4A30FDC818C2E /* Frameworks */ = {
			isa = PBXGroup;
			children = (
				D6556BEB7629235B719FA15F /* Pods_AlamofireDemo.framework */,
			);
			name = Frameworks;
			sourceTree = "<group>";
		};
		FEB824EE9FD6B59B638045B1 /* Pods */ = {
			isa = PBXGroup;
			children = (
				8375D296EF6EAE7CBF47EE68 /* Pods-AlamofireDemo.debug.xcconfig */,
				3B4D0A4065E65ACC1C8309DB /* Pods-AlamofireDemo.release.xcconfig */,
			);
			name = Pods;
			sourceTree = "<group>";
		};
/* End PBXGroup section */

/* Begin PBXNativeTarget section */
		AA7B71371F32308D005B5B0B /* AlamofireDemo */ = {
			isa = PBXNativeTarget;
			buildConfigurationList = AA7B714A1F32308D005B5B0B /* Build configuration list for PBXNativeTarget "AlamofireDemo" */;
			buildPhases = (
				7F3184EBB01FADE54AD3B0DA /* [CP] Check Pods Manifest.lock */,
				AA7B71341F32308D005B5B0B /* Sources */,
				AA7B71351F32308D005B5B0B /* Frameworks */,
				AA7B71361F32308D005B5B0B /* Resources */,
				BF9C37A2B26C5BF10E6E1B67 /* [CP] Embed Pods Frameworks */,
				364BA5F6A4EC6EC01ECC80EF /* [CP] Copy Pods Resources */,
			);
			buildRules = (
			);
			dependencies = (
			);
			name = AlamofireDemo;
			productName = AlamofireDemo;
			productReference = AA7B71381F32308D005B5B0B /* AlamofireDemo.app */;
			productType = "com.apple.product-type.application";
		};
/* End PBXNativeTarget section */

/* Begin PBXProject section */
		AA7B71301F32308D005B5B0B /* Project object */ = {
			isa = PBXProject;
			attributes = {
				LastSwiftUpdateCheck = 0830;
				LastUpgradeCheck = 0830;
				ORGANIZATIONNAME = MTQ;
				TargetAttributes = {
					AA7B71371F32308D005B5B0B = {
						CreatedOnToolsVersion = 8.3.3;
						ProvisioningStyle = Automatic;
					};
				};
			};
			buildConfigurationList = AA7B71331F32308D005B5B0B /* Build configuration list for PBXProject "AlamofireDemo" */;
			compatibilityVersion = "Xcode 3.2";
			developmentRegion = English;
			hasScannedForEncodings = 0;
			knownRegions = (
				en,
				Base,
			);
			mainGroup = AA7B712F1F32308D005B5B0B;
			productRefGroup = AA7B71391F32308D005B5B0B /* Products */;
			projectDirPath = "";
			projectRoot = "";
			targets = (
				AA7B71371F32308D005B5B0B /* AlamofireDemo */,
			);
		};
/* End PBXProject section */

/* Begin PBXResourcesBuildPhase section */
		AA7B71361F32308D005B5B0B /* Resources */ = {
			isa = PBXResourcesBuildPhase;
			buildActionMask = 2147483647;
			files = (
				AA7B71461F32308D005B5B0B /* LaunchScreen.storyboard in Resources */,
				AA7B71431F32308D005B5B0B /* Assets.xcassets in Resources */,
				AA7B71411F32308D005B5B0B /* Main.storyboard in Resources */,
			);
			runOnlyForDeploymentPostprocessing = 0;
		};
/* End PBXResourcesBuildPhase section */

/* Begin PBXShellScriptBuildPhase section */
		364BA5F6A4EC6EC01ECC80EF /* [CP] Copy Pods Resources */ = {
			isa = PBXShellScriptBuildPhase;
			buildActionMask = 2147483647;
			files = (
			);
			inputPaths = (
			);
			name = "[CP] Copy Pods Resources";
			outputPaths = (
			);
			runOnlyForDeploymentPostprocessing = 0;
			shellPath = /bin/sh;
			shellScript = "\"${SRCROOT}/Pods/Target Support Files/Pods-AlamofireDemo/Pods-AlamofireDemo-resources.sh\"\n";
			showEnvVarsInLog = 0;
		};
		7F3184EBB01FADE54AD3B0DA /* [CP] Check Pods Manifest.lock */ = {
			isa = PBXShellScriptBuildPhase;
			buildActionMask = 2147483647;
			files = (
			);
			inputPaths = (
			);
			name = "[CP] Check Pods Manifest.lock";
			outputPaths = (
			);
			runOnlyForDeploymentPostprocessing = 0;
			shellPath = /bin/sh;
			shellScript = "diff \"${PODS_PODFILE_DIR_PATH}/Podfile.lock\" \"${PODS_ROOT}/Manifest.lock\" > /dev/null\nif [ $? != 0 ] ; then\n    # print error to STDERR\n    echo \"error: The sandbox is not in sync with the Podfile.lock. Run 'pod install' or update your CocoaPods installation.\" >&2\n    exit 1\nfi\n";
			showEnvVarsInLog = 0;
		};
		BF9C37A2B26C5BF10E6E1B67 /* [CP] Embed Pods Frameworks */ = {
			isa = PBXShellScriptBuildPhase;
			buildActionMask = 2147483647;
			files = (
			);
			inputPaths = (
			);
			name = "[CP] Embed Pods Frameworks";
			outputPaths = (
			);
			runOnlyForDeploymentPostprocessing = 0;
			shellPath = /bin/sh;
			shellScript = "\"${SRCROOT}/Pods/Target Support Files/Pods-AlamofireDemo/Pods-AlamofireDemo-frameworks.sh\"\n";
			showEnvVarsInLog = 0;
		};
/* End PBXShellScriptBuildPhase section */

/* Begin PBXSourcesBuildPhase section */
		AA7B71341F32308D005B5B0B /* Sources */ = {
			isa = PBXSourcesBuildPhase;
			buildActionMask = 2147483647;
			files = (
				AA7B714E1F3231A6005B5B0B /* DataServices.swift in Sources */,
				AA7B713E1F32308D005B5B0B /* TableViewController.swift in Sources */,
				AA7B71721F32376D005B5B0B /* DetailViewController.swift in Sources */,
				AA7B71501F323213005B5B0B /* ParserData.swift in Sources */,
				AA7B713C1F32308D005B5B0B /* AppDelegate.swift in Sources */,
			);
			runOnlyForDeploymentPostprocessing = 0;
		};
/* End PBXSourcesBuildPhase section */

/* Begin PBXVariantGroup section */
		AA7B713F1F32308D005B5B0B /* Main.storyboard */ = {
			isa = PBXVariantGroup;
			children = (
				AA7B71401F32308D005B5B0B /* Base */,
			);
			name = Main.storyboard;
			sourceTree = "<group>";
		};
		AA7B71441F32308D005B5B0B /* LaunchScreen.storyboard */ = {
			isa = PBXVariantGroup;
			children = (
				AA7B71451F32308D005B5B0B /* Base */,
			);
			name = LaunchScreen.storyboard;
			sourceTree = "<group>";
		};
/* End PBXVariantGroup section */

/* Begin XCBuildConfiguration section */
		AA7B71481F32308D005B5B0B /* Debug */ = {
			isa = XCBuildConfiguration;
			buildSettings = {
				ALWAYS_SEARCH_USER_PATHS = NO;
				CLANG_ANALYZER_NONNULL = YES;
				CLANG_ANALYZER_NUMBER_OBJECT_CONVERSION = YES_AGGRESSIVE;
				CLANG_CXX_LANGUAGE_STANDARD = "gnu++0x";
				CLANG_CXX_LIBRARY = "libc++";
				CLANG_ENABLE_MODULES = YES;
				CLANG_ENABLE_OBJC_ARC = YES;
				CLANG_WARN_BOOL_CONVERSION = YES;
				CLANG_WARN_CONSTANT_CONVERSION = YES;
				CLANG_WARN_DIRECT_OBJC_ISA_USAGE = YES_ERROR;
				CLANG_WARN_DOCUMENTATION_COMMENTS = YES;
				CLANG_WARN_EMPTY_BODY = YES;
				CLANG_WARN_ENUM_CONVERSION = YES;
				CLANG_WARN_INFINITE_RECURSION = YES;
				CLANG_WARN_INT_CONVERSION = YES;
				CLANG_WARN_OBJC_ROOT_CLASS = YES_ERROR;
				CLANG_WARN_SUSPICIOUS_MOVE = YES;
				CLANG_WARN_UNREACHABLE_CODE = YES;
				CLANG_WARN__DUPLICATE_METHOD_MATCH = YES;
				"CODE_SIGN_IDENTITY[sdk=iphoneos*]" = "iPhone Developer";
				COPY_PHASE_STRIP = NO;
				DEBUG_INFORMATION_FORMAT = dwarf;
				ENABLE_STRICT_OBJC_MSGSEND = YES;
				ENABLE_TESTABILITY = YES;
				GCC_C_LANGUAGE_STANDARD = gnu99;
				GCC_DYNAMIC_NO_PIC = NO;
				GCC_NO_COMMON_BLOCKS = YES;
				GCC_OPTIMIZATION_LEVEL = 0;
				GCC_PREPROCESSOR_DEFINITIONS = (
					"DEBUG=1",
					"$(inherited)",
				);
				GCC_WARN_64_TO_32_BIT_CONVERSION = YES;
				GCC_WARN_ABOUT_RETURN_TYPE = YES_ERROR;
				GCC_WARN_UNDECLARED_SELECTOR = YES;
				GCC_WARN_UNINITIALIZED_AUTOS = YES_AGGRESSIVE;
				GCC_WARN_UNUSED_FUNCTION = YES;
				GCC_WARN_UNUSED_VARIABLE = YES;
				IPHONEOS_DEPLOYMENT_TARGET = 10.3;
				MTL_ENABLE_DEBUG_INFO = YES;
				ONLY_ACTIVE_ARCH = YES;
				SDKROOT = iphoneos;
				SWIFT_ACTIVE_COMPILATION_CONDITIONS = DEBUG;
				SWIFT_OPTIMIZATION_LEVEL = "-Onone";
				TARGETED_DEVICE_FAMILY = "1,2";
			};
			name = Debug;
		};
		AA7B71491F32308D005B5B0B /* Release */ = {
			isa = XCBuildConfiguration;
			buildSettings = {
				ALWAYS_SEARCH_USER_PATHS = NO;
				CLANG_ANALYZER_NONNULL = YES;
				CLANG_ANALYZER_NUMBER_OBJECT_CONVERSION = YES_AGGRESSIVE;
				CLANG_CXX_LANGUAGE_STANDARD = "gnu++0x";
				CLANG_CXX_LIBRARY = "libc++";
				CLANG_ENABLE_MODULES = YES;
				CLANG_ENABLE_OBJC_ARC = YES;
				CLANG_WARN_BOOL_CONVERSION = YES;
				CLANG_WARN_CONSTANT_CONVERSION = YES;
				CLANG_WARN_DIRECT_OBJC_ISA_USAGE = YES_ERROR;
				CLANG_WARN_DOCUMENTATION_COMMENTS = YES;
				CLANG_WARN_EMPTY_BODY = YES;
				CLANG_WARN_ENUM_CONVERSION = YES;
				CLANG_WARN_INFINITE_RECURSION = YES;
				CLANG_WARN_INT_CONVERSION = YES;
				CLANG_WARN_OBJC_ROOT_CLASS = YES_ERROR;
				CLANG_WARN_SUSPICIOUS_MOVE = YES;
				CLANG_WARN_UNREACHABLE_CODE = YES;
				CLANG_WARN__DUPLICATE_METHOD_MATCH = YES;
				"CODE_SIGN_IDENTITY[sdk=iphoneos*]" = "iPhone Developer";
				COPY_PHASE_STRIP = NO;
				DEBUG_INFORMATION_FORMAT = "dwarf-with-dsym";
				ENABLE_NS_ASSERTIONS = NO;
				ENABLE_STRICT_OBJC_MSGSEND = YES;
				GCC_C_LANGUAGE_STANDARD = gnu99;
				GCC_NO_COMMON_BLOCKS = YES;
				GCC_WARN_64_TO_32_BIT_CONVERSION = YES;
				GCC_WARN_ABOUT_RETURN_TYPE = YES_ERROR;
				GCC_WARN_UNDECLARED_SELECTOR = YES;
				GCC_WARN_UNINITIALIZED_AUTOS = YES_AGGRESSIVE;
				GCC_WARN_UNUSED_FUNCTION = YES;
				GCC_WARN_UNUSED_VARIABLE = YES;
				IPHONEOS_DEPLOYMENT_TARGET = 10.3;
				MTL_ENABLE_DEBUG_INFO = NO;
				SDKROOT = iphoneos;
				SWIFT_OPTIMIZATION_LEVEL = "-Owholemodule";
				TARGETED_DEVICE_FAMILY = "1,2";
				VALIDATE_PRODUCT = YES;
			};
			name = Release;
		};
		AA7B714B1F32308D005B5B0B /* Debug */ = {
			isa = XCBuildConfiguration;
			baseConfigurationReference = 8375D296EF6EAE7CBF47EE68 /* Pods-AlamofireDemo.debug.xcconfig */;
			buildSettings = {
				ASSETCATALOG_COMPILER_APPICON_NAME = AppIcon;
				INFOPLIST_FILE = AlamofireDemo/Info.plist;
				LD_RUNPATH_SEARCH_PATHS = "$(inherited) @executable_path/Frameworks";
				PRODUCT_BUNDLE_IDENTIFIER = vn.com.AlamofireDemo;
				PRODUCT_NAME = "$(TARGET_NAME)";
				SWIFT_VERSION = 3.0;
			};
			name = Debug;
		};
		AA7B714C1F32308D005B5B0B /* Release */ = {
			isa = XCBuildConfiguration;
			baseConfigurationReference = 3B4D0A4065E65ACC1C8309DB /* Pods-AlamofireDemo.release.xcconfig */;
			buildSettings = {
				ASSETCATALOG_COMPILER_APPICON_NAME = AppIcon;
				INFOPLIST_FILE = AlamofireDemo/Info.plist;
				LD_RUNPATH_SEARCH_PATHS = "$(inherited) @executable_path/Frameworks";
				PRODUCT_BUNDLE_IDENTIFIER = vn.com.AlamofireDemo;
				PRODUCT_NAME = "$(TARGET_NAME)";
				SWIFT_VERSION = 3.0;
			};
			name = Release;
		};
/* End XCBuildConfiguration section */

/* Begin XCConfigurationList section */
		AA7B71331F32308D005B5B0B /* Build configuration list for PBXProject "AlamofireDemo" */ = {
			isa = XCConfigurationList;
			buildConfigurations = (
				AA7B71481F32308D005B5B0B /* Debug */,
				AA7B71491F32308D005B5B0B /* Release */,
			);
			defaultConfigurationIsVisible = 0;
			defaultConfigurationName = Release;
		};
		AA7B714A1F32308D005B5B0B /* Build configuration list for PBXNativeTarget "AlamofireDemo" */ = {
			isa = XCConfigurationList;
			buildConfigurations = (
				AA7B714B1F32308D005B5B0B /* Debug */,
				AA7B714C1F32308D005B5B0B /* Release */,
			);
			defaultConfigurationIsVisible = 0;
			defaultConfigurationName = Release;
		};
/* End XCConfigurationList section */
	};
	rootObject = AA7B71301F32308D005B5B0B /* Project object */;
}
